
Microsoft Visual Studio Solution File, Format Version 12.00
# Visual Studio Version 18
VisualStudioVersion = 18.5.11605.296 insiders
MinimumVisualStudioVersion = 10.0.40219.1
Project("{FAE04EC0-301F-11D3-BF4B-00C04F79EFBC}") = "FoodShop.API", "FoodShop.API.csproj", "{9157DA39-75EC-BD01-7313-9026C66ABAE5}"
EndProject
Global
	GlobalSection(SolutionConfigurationPlatforms) = preSolution
		Debug|Any CPU = Debug|Any CPU
		Release|Any CPU = Release|Any CPU
	EndGlobalSection
	GlobalSection(ProjectConfigurationPlatforms) = postSolution
		{9157DA39-75EC-BD01-7313-9026C66ABAE5}.Debug|Any CPU.ActiveCfg = Debug|Any CPU
		{9157DA39-75EC-BD01-7313-9026C66ABAE5}.Debug|Any CPU.Build.0 = Debug|Any CPU
		{9157DA39-75EC-BD01-7313-9026C66ABAE5}.Release|Any CPU.ActiveCfg = Release|Any CPU
		{9157DA39-75EC-BD01-7313-9026C66ABAE5}.Release|Any CPU.Build.0 = Release|Any CPU
	EndGlobalSection
	GlobalSection(SolutionProperties) = preSolution
		HideSolutionNode = FALSE
	EndGlobalSection
	GlobalSection(ExtensibilityGlobals) = postSolution
		SolutionGuid = {DFC371E2-DE9D-4B0D-B8D2-056F7D7906D1}
	EndGlobalSection
EndGlobal
